// !$*UTF8*$!
{
	archiveVersion = 1;
	classes = {
	};
	objectVersion = 56;
	objects = {

/* Begin PBXBuildFile section */
		03A105652B2F300700E13A45 /* AppDelegate.swift in Sources */ = {isa = PBXBuildFile; fileRef = 03A105642B2F300700E13A45 /* AppDelegate.swift */; };
		03A105672B2F300700E13A45 /* SceneDelegate.swift in Sources */ = {isa = PBXBuildFile; fileRef = 03A105662B2F300700E13A45 /* SceneDelegate.swift */; };
		03A105692B2F300700E13A45 /* ListViewController.swift in Sources */ = {isa = PBXBuildFile; fileRef = 03A105682B2F300700E13A45 /* ListViewController.swift */; };
		03A1056E2B2F300900E13A45 /* Assets.xcassets in Resources */ = {isa = PBXBuildFile; fileRef = 03A1056D2B2F300900E13A45 /* Assets.xcassets */; };
		03A105712B2F300900E13A45 /* LaunchScreen.storyboard in Resources */ = {isa = PBXBuildFile; fileRef = 03A1056F2B2F300900E13A45 /* LaunchScreen.storyboard */; };
		03A105822B2F32B100E13A45 /* CustomTabBar.swift in Sources */ = {isa = PBXBuildFile; fileRef = 03A105812B2F32B100E13A45 /* CustomTabBar.swift */; };
		03A105882B2F3E9600E13A45 /* BaseViewController.swift in Sources */ = {isa = PBXBuildFile; fileRef = 03A105872B2F3E9600E13A45 /* BaseViewController.swift */; };
		03A1058C2B2F3F3100E13A45 /* Controller+Ext.swift in Sources */ = {isa = PBXBuildFile; fileRef = 03A1058B2B2F3F3100E13A45 /* Controller+Ext.swift */; };
		03A105902B2F40F300E13A45 /* HistoryViewController.swift in Sources */ = {isa = PBXBuildFile; fileRef = 03A1058F2B2F40F300E13A45 /* HistoryViewController.swift */; };
		03A105922B2F412000E13A45 /* ProfileViewControler.swift in Sources */ = {isa = PBXBuildFile; fileRef = 03A105912B2F412000E13A45 /* ProfileViewControler.swift */; };
		03A105972B2F490300E13A45 /* Font.swift in Sources */ = {isa = PBXBuildFile; fileRef = 03A105962B2F490300E13A45 /* Font.swift */; };
		03A105A12B2F4A2D00E13A45 /* UIStackView.swift in Sources */ = {isa = PBXBuildFile; fileRef = 03A1059D2B2F4A2D00E13A45 /* UIStackView.swift */; };
		03A105A22B2F4A2D00E13A45 /* CircleAnimationKit.swift in Sources */ = {isa = PBXBuildFile; fileRef = 03A1059E2B2F4A2D00E13A45 /* CircleAnimationKit.swift */; };
		03A105A32B2F4A2D00E13A45 /* AnchorKit.swift in Sources */ = {isa = PBXBuildFile; fileRef = 03A1059F2B2F4A2D00E13A45 /* AnchorKit.swift */; };
		03A105A42B2F4A2D00E13A45 /* UIView+Stacking.swift in Sources */ = {isa = PBXBuildFile; fileRef = 03A105A02B2F4A2D00E13A45 /* UIView+Stacking.swift */; };
		03A105A92B2F4E5400E13A45 /* ListCell.swift in Sources */ = {isa = PBXBuildFile; fileRef = 03A105A82B2F4E5400E13A45 /* ListCell.swift */; };
		03A105AD2B2F4EB000E13A45 /* BaseCell.swift in Sources */ = {isa = PBXBuildFile; fileRef = 03A105AC2B2F4EB000E13A45 /* BaseCell.swift */; };
		03A105B02B2F509800E13A45 /* CustomLabel.swift in Sources */ = {isa = PBXBuildFile; fileRef = 03A105AF2B2F509800E13A45 /* CustomLabel.swift */; };
		03A105B32B2F52F400E13A45 /* Realm in Frameworks */ = {isa = PBXBuildFile; productRef = 03A105B22B2F52F400E13A45 /* Realm */; };
		03A105B52B2F52F400E13A45 /* RealmSwift in Frameworks */ = {isa = PBXBuildFile; productRef = 03A105B42B2F52F400E13A45 /* RealmSwift */; };
		03A105B92B2F554D00E13A45 /* ListModel.swift in Sources */ = {isa = PBXBuildFile; fileRef = 03A105B82B2F554D00E13A45 /* ListModel.swift */; };
		03A105BC2B2F56A100E13A45 /* ItemsModel.swift in Sources */ = {isa = PBXBuildFile; fileRef = 03A105BB2B2F56A100E13A45 /* ItemsModel.swift */; };
		03A105C02B2F750100E13A45 /* ListViewModel.swift in Sources */ = {isa = PBXBuildFile; fileRef = 03A105BF2B2F750100E13A45 /* ListViewModel.swift */; };
		03A105C32B2F768C00E13A45 /* DataManager.swift in Sources */ = {isa = PBXBuildFile; fileRef = 03A105C22B2F768C00E13A45 /* DataManager.swift */; };
		03A105C82B303DD000E13A45 /* NewListViewController.swift in Sources */ = {isa = PBXBuildFile; fileRef = 03A105C72B303DD000E13A45 /* NewListViewController.swift */; };
		03A105CB2B303EF700E13A45 /* CustomTextFieldConfig.swift in Sources */ = {isa = PBXBuildFile; fileRef = 03A105CA2B303EF700E13A45 /* CustomTextFieldConfig.swift */; };
		03A105CE2B303F5100E13A45 /* TextField+Ext.swift in Sources */ = {isa = PBXBuildFile; fileRef = 03A105CD2B303F5100E13A45 /* TextField+Ext.swift */; };
		03A105D12B303FDA00E13A45 /* CustomTextField.swift in Sources */ = {isa = PBXBuildFile; fileRef = 03A105D02B303FDA00E13A45 /* CustomTextField.swift */; };
		03A105D42B3042A900E13A45 /* CustomButton.swift in Sources */ = {isa = PBXBuildFile; fileRef = 03A105D32B3042A900E13A45 /* CustomButton.swift */; };
		03A105D72B30449B00E13A45 /* NewListViewModel.swift in Sources */ = {isa = PBXBuildFile; fileRef = 03A105D62B30449B00E13A45 /* NewListViewModel.swift */; };
		03A105DA2B3048F000E13A45 /* Date+Ext.swift in Sources */ = {isa = PBXBuildFile; fileRef = 03A105D92B3048F000E13A45 /* Date+Ext.swift */; };
		03CA6E832B30771000D59935 /* Poppins-Light.ttf in Resources */ = {isa = PBXBuildFile; fileRef = 03CA6E7F2B30770F00D59935 /* Poppins-Light.ttf */; };
		03CA6E842B30771000D59935 /* Poppins-Medium.ttf in Resources */ = {isa = PBXBuildFile; fileRef = 03CA6E802B30770F00D59935 /* Poppins-Medium.ttf */; };
		03CA6E852B30771000D59935 /* Poppins-Regular.ttf in Resources */ = {isa = PBXBuildFile; fileRef = 03CA6E812B30770F00D59935 /* Poppins-Regular.ttf */; };
		03CA6E862B30771000D59935 /* Poppins-SemiBold.ttf in Resources */ = {isa = PBXBuildFile; fileRef = 03CA6E822B30770F00D59935 /* Poppins-SemiBold.ttf */; };
		03CA6E8C2B30ADC300D59935 /* ItemsViewController.swift in Sources */ = {isa = PBXBuildFile; fileRef = 03CA6E8B2B30ADC300D59935 /* ItemsViewController.swift */; };
		03CA6E8E2B30AFF800D59935 /* ItemsViewModel.swift in Sources */ = {isa = PBXBuildFile; fileRef = 03CA6E8D2B30AFF800D59935 /* ItemsViewModel.swift */; };
		03CA6E912B30B68700D59935 /* ItemCell.swift in Sources */ = {isa = PBXBuildFile; fileRef = 03CA6E902B30B68700D59935 /* ItemCell.swift */; };
		03CA6E942B30B80E00D59935 /* UITableView+Ext.swift in Sources */ = {isa = PBXBuildFile; fileRef = 03CA6E932B30B80E00D59935 /* UITableView+Ext.swift */; };
		03CA6E9B2B30D2E500D59935 /* NewItemViewController.swift in Sources */ = {isa = PBXBuildFile; fileRef = 03CA6E9A2B30D2E500D59935 /* NewItemViewController.swift */; };
		03E847252B3335BD004323F4 /* NewItemVewModel.swift in Sources */ = {isa = PBXBuildFile; fileRef = 03E847242B3335BD004323F4 /* NewItemVewModel.swift */; };
		03E847282B3338A0004323F4 /* ItemAmountView.swift in Sources */ = {isa = PBXBuildFile; fileRef = 03E847272B3338A0004323F4 /* ItemAmountView.swift */; };
		03E8472B2B333901004323F4 /* BaseView.swift in Sources */ = {isa = PBXBuildFile; fileRef = 03E8472A2B333901004323F4 /* BaseView.swift */; };
/* End PBXBuildFile section */

/* Begin PBXFileReference section */
		03A105612B2F300700E13A45 /* ListMate.app */ = {isa = PBXFileReference; explicitFileType = wrapper.application; includeInIndex = 0; path = ListMate.app; sourceTree = BUILT_PRODUCTS_DIR; };
		03A105642B2F300700E13A45 /* AppDelegate.swift */ = {isa = PBXFileReference; lastKnownFileType = sourcecode.swift; path = AppDelegate.swift; sourceTree = "<group>"; };
		03A105662B2F300700E13A45 /* SceneDelegate.swift */ = {isa = PBXFileReference; lastKnownFileType = sourcecode.swift; path = SceneDelegate.swift; sourceTree = "<group>"; };
		03A105682B2F300700E13A45 /* ListViewController.swift */ = {isa = PBXFileReference; lastKnownFileType = sourcecode.swift; path = ListViewController.swift; sourceTree = "<group>"; };
		03A1056D2B2F300900E13A45 /* Assets.xcassets */ = {isa = PBXFileReference; lastKnownFileType = folder.assetcatalog; path = Assets.xcassets; sourceTree = "<group>"; };
		03A105702B2F300900E13A45 /* Base */ = {isa = PBXFileReference; lastKnownFileType = file.storyboard; name = Base; path = Base.lproj/LaunchScreen.storyboard; sourceTree = "<group>"; };
		03A105722B2F300900E13A45 /* Info.plist */ = {isa = PBXFileReference; lastKnownFileType = text.plist.xml; path = Info.plist; sourceTree = "<group>"; };
		03A105812B2F32B100E13A45 /* CustomTabBar.swift */ = {isa = PBXFileReference; lastKnownFileType = sourcecode.swift; path = CustomTabBar.swift; sourceTree = "<group>"; };
		03A105872B2F3E9600E13A45 /* BaseViewController.swift */ = {isa = PBXFileReference; lastKnownFileType = sourcecode.swift; path = BaseViewController.swift; sourceTree = "<group>"; };
		03A1058B2B2F3F3100E13A45 /* Controller+Ext.swift */ = {isa = PBXFileReference; lastKnownFileType = sourcecode.swift; path = "Controller+Ext.swift"; sourceTree = "<group>"; };
		03A1058F2B2F40F300E13A45 /* HistoryViewController.swift */ = {isa = PBXFileReference; lastKnownFileType = sourcecode.swift; path = HistoryViewController.swift; sourceTree = "<group>"; };
		03A105912B2F412000E13A45 /* ProfileViewControler.swift */ = {isa = PBXFileReference; lastKnownFileType = sourcecode.swift; path = ProfileViewControler.swift; sourceTree = "<group>"; };
		03A105962B2F490300E13A45 /* Font.swift */ = {isa = PBXFileReference; lastKnownFileType = sourcecode.swift; path = Font.swift; sourceTree = "<group>"; };
		03A1059D2B2F4A2D00E13A45 /* UIStackView.swift */ = {isa = PBXFileReference; fileEncoding = 4; lastKnownFileType = sourcecode.swift; path = UIStackView.swift; sourceTree = "<group>"; };
		03A1059E2B2F4A2D00E13A45 /* CircleAnimationKit.swift */ = {isa = PBXFileReference; fileEncoding = 4; lastKnownFileType = sourcecode.swift; path = CircleAnimationKit.swift; sourceTree = "<group>"; };
		03A1059F2B2F4A2D00E13A45 /* AnchorKit.swift */ = {isa = PBXFileReference; fileEncoding = 4; lastKnownFileType = sourcecode.swift; path = AnchorKit.swift; sourceTree = "<group>"; };
		03A105A02B2F4A2D00E13A45 /* UIView+Stacking.swift */ = {isa = PBXFileReference; fileEncoding = 4; lastKnownFileType = sourcecode.swift; path = "UIView+Stacking.swift"; sourceTree = "<group>"; };
		03A105A82B2F4E5400E13A45 /* ListCell.swift */ = {isa = PBXFileReference; lastKnownFileType = sourcecode.swift; path = ListCell.swift; sourceTree = "<group>"; };
		03A105AC2B2F4EB000E13A45 /* BaseCell.swift */ = {isa = PBXFileReference; lastKnownFileType = sourcecode.swift; path = BaseCell.swift; sourceTree = "<group>"; };
		03A105AF2B2F509800E13A45 /* CustomLabel.swift */ = {isa = PBXFileReference; lastKnownFileType = sourcecode.swift; path = CustomLabel.swift; sourceTree = "<group>"; };
		03A105B82B2F554D00E13A45 /* ListModel.swift */ = {isa = PBXFileReference; lastKnownFileType = sourcecode.swift; path = ListModel.swift; sourceTree = "<group>"; };
		03A105BB2B2F56A100E13A45 /* ItemsModel.swift */ = {isa = PBXFileReference; lastKnownFileType = sourcecode.swift; path = ItemsModel.swift; sourceTree = "<group>"; };
		03A105BF2B2F750100E13A45 /* ListViewModel.swift */ = {isa = PBXFileReference; lastKnownFileType = sourcecode.swift; path = ListViewModel.swift; sourceTree = "<group>"; };
		03A105C22B2F768C00E13A45 /* DataManager.swift */ = {isa = PBXFileReference; lastKnownFileType = sourcecode.swift; path = DataManager.swift; sourceTree = "<group>"; };
		03A105C72B303DD000E13A45 /* NewListViewController.swift */ = {isa = PBXFileReference; lastKnownFileType = sourcecode.swift; path = NewListViewController.swift; sourceTree = "<group>"; };
		03A105CA2B303EF700E13A45 /* CustomTextFieldConfig.swift */ = {isa = PBXFileReference; lastKnownFileType = sourcecode.swift; path = CustomTextFieldConfig.swift; sourceTree = "<group>"; };
		03A105CD2B303F5100E13A45 /* TextField+Ext.swift */ = {isa = PBXFileReference; lastKnownFileType = sourcecode.swift; path = "TextField+Ext.swift"; sourceTree = "<group>"; };
		03A105D02B303FDA00E13A45 /* CustomTextField.swift */ = {isa = PBXFileReference; lastKnownFileType = sourcecode.swift; path = CustomTextField.swift; sourceTree = "<group>"; };
		03A105D32B3042A900E13A45 /* CustomButton.swift */ = {isa = PBXFileReference; lastKnownFileType = sourcecode.swift; path = CustomButton.swift; sourceTree = "<group>"; };
		03A105D62B30449B00E13A45 /* NewListViewModel.swift */ = {isa = PBXFileReference; lastKnownFileType = sourcecode.swift; path = NewListViewModel.swift; sourceTree = "<group>"; };
		03A105D92B3048F000E13A45 /* Date+Ext.swift */ = {isa = PBXFileReference; lastKnownFileType = sourcecode.swift; path = "Date+Ext.swift"; sourceTree = "<group>"; };
		03CA6E7F2B30770F00D59935 /* Poppins-Light.ttf */ = {isa = PBXFileReference; lastKnownFileType = file; path = "Poppins-Light.ttf"; sourceTree = "<group>"; };
		03CA6E802B30770F00D59935 /* Poppins-Medium.ttf */ = {isa = PBXFileReference; lastKnownFileType = file; path = "Poppins-Medium.ttf"; sourceTree = "<group>"; };
		03CA6E812B30770F00D59935 /* Poppins-Regular.ttf */ = {isa = PBXFileReference; lastKnownFileType = file; path = "Poppins-Regular.ttf"; sourceTree = "<group>"; };
		03CA6E822B30770F00D59935 /* Poppins-SemiBold.ttf */ = {isa = PBXFileReference; lastKnownFileType = file; path = "Poppins-SemiBold.ttf"; sourceTree = "<group>"; };
		03CA6E8B2B30ADC300D59935 /* ItemsViewController.swift */ = {isa = PBXFileReference; lastKnownFileType = sourcecode.swift; path = ItemsViewController.swift; sourceTree = "<group>"; };
		03CA6E8D2B30AFF800D59935 /* ItemsViewModel.swift */ = {isa = PBXFileReference; lastKnownFileType = sourcecode.swift; path = ItemsViewModel.swift; sourceTree = "<group>"; };
		03CA6E902B30B68700D59935 /* ItemCell.swift */ = {isa = PBXFileReference; lastKnownFileType = sourcecode.swift; path = ItemCell.swift; sourceTree = "<group>"; };
		03CA6E932B30B80E00D59935 /* UITableView+Ext.swift */ = {isa = PBXFileReference; lastKnownFileType = sourcecode.swift; path = "UITableView+Ext.swift"; sourceTree = "<group>"; };
		03CA6E9A2B30D2E500D59935 /* NewItemViewController.swift */ = {isa = PBXFileReference; lastKnownFileType = sourcecode.swift; path = NewItemViewController.swift; sourceTree = "<group>"; };
		03E847242B3335BD004323F4 /* NewItemVewModel.swift */ = {isa = PBXFileReference; lastKnownFileType = sourcecode.swift; path = NewItemVewModel.swift; sourceTree = "<group>"; };
		03E847272B3338A0004323F4 /* ItemAmountView.swift */ = {isa = PBXFileReference; lastKnownFileType = sourcecode.swift; path = ItemAmountView.swift; sourceTree = "<group>"; };
		03E8472A2B333901004323F4 /* BaseView.swift */ = {isa = PBXFileReference; lastKnownFileType = sourcecode.swift; path = BaseView.swift; sourceTree = "<group>"; };
/* End PBXFileReference section */

/* Begin PBXFrameworksBuildPhase section */
		03A1055E2B2F300700E13A45 /* Frameworks */ = {
			isa = PBXFrameworksBuildPhase;
			buildActionMask = 2147483647;
			files = (
				03A105B52B2F52F400E13A45 /* RealmSwift in Frameworks */,
				03A105B32B2F52F400E13A45 /* Realm in Frameworks */,
			);
			runOnlyForDeploymentPostprocessing = 0;
		};
/* End PBXFrameworksBuildPhase section */

/* Begin PBXGroup section */
		03A105582B2F300700E13A45 = {
			isa = PBXGroup;
			children = (
				03A105632B2F300700E13A45 /* ListMate */,
				03A105622B2F300700E13A45 /* Products */,
			);
			sourceTree = "<group>";
		};
		03A105622B2F300700E13A45 /* Products */ = {
			isa = PBXGroup;
			children = (
				03A105612B2F300700E13A45 /* ListMate.app */,
			);
			name = Products;
			sourceTree = "<group>";
		};
		03A105632B2F300700E13A45 /* ListMate */ = {
			isa = PBXGroup;
			children = (
				03A1057A2B2F30F800E13A45 /* UI */,
				03A105782B2F305000E13A45 /* App */,
			);
			path = ListMate;
			sourceTree = "<group>";
		};
		03A105782B2F305000E13A45 /* App */ = {
			isa = PBXGroup;
			children = (
				03A105642B2F300700E13A45 /* AppDelegate.swift */,
				03A105662B2F300700E13A45 /* SceneDelegate.swift */,
				03A1056D2B2F300900E13A45 /* Assets.xcassets */,
				03A1056F2B2F300900E13A45 /* LaunchScreen.storyboard */,
				03A105722B2F300900E13A45 /* Info.plist */,
			);
			path = App;
			sourceTree = "<group>";
		};
		03A105792B2F307600E13A45 /* List */ = {
			isa = PBXGroup;
			children = (
				03A105C42B303D8600E13A45 /* Main */,
				03A105C52B303DA900E13A45 /* NewList */,
				03CA6E872B30AD7D00D59935 /* Items */,
				03CA6E972B30D1A200D59935 /* NewItem */,
				03CA6E952B30C17F00D59935 /* ItemDetailed */,
			);
			path = List;
			sourceTree = "<group>";
		};
		03A1057A2B2F30F800E13A45 /* UI */ = {
			isa = PBXGroup;
			children = (
				03A1057B2B2F310B00E13A45 /* Tabs */,
				03A105C12B2F764200E13A45 /* Data */,
				03A105892B2F3EEC00E13A45 /* Extension */,
				03A105852B2F3E7800E13A45 /* Base */,
				03A1057D2B2F323900E13A45 /* Custom */,
				03A105A52B2F4A6200E13A45 /* Utilities */,
				03A1059B2B2F4A0D00E13A45 /* Helpers */,
			);
			path = UI;
			sourceTree = "<group>";
		};
		03A1057B2B2F310B00E13A45 /* Tabs */ = {
			isa = PBXGroup;
			children = (
				03A105792B2F307600E13A45 /* List */,
				03A1057E2B2F325B00E13A45 /* History */,
				03A1057F2B2F327400E13A45 /* Profile */,
			);
			path = Tabs;
			sourceTree = "<group>";
		};
		03A1057C2B2F316000E13A45 /* Controller */ = {
			isa = PBXGroup;
			children = (
				03A105682B2F300700E13A45 /* ListViewController.swift */,
			);
			path = Controller;
			sourceTree = "<group>";
		};
		03A1057D2B2F323900E13A45 /* Custom */ = {
			isa = PBXGroup;
			children = (
				03A105C92B303ED000E13A45 /* TextField */,
				03A105932B2F417000E13A45 /* Fonts */,
				03A105802B2F329F00E13A45 /* TabBar */,
			);
			path = Custom;
			sourceTree = "<group>";
		};
		03A1057E2B2F325B00E13A45 /* History */ = {
			isa = PBXGroup;
			children = (
				03A1058D2B2F40DE00E13A45 /* Controller */,
			);
			path = History;
			sourceTree = "<group>";
		};
		03A1057F2B2F327400E13A45 /* Profile */ = {
			isa = PBXGroup;
			children = (
				03A1058E2B2F40E400E13A45 /* Controller */,
			);
			path = Profile;
			sourceTree = "<group>";
		};
		03A105802B2F329F00E13A45 /* TabBar */ = {
			isa = PBXGroup;
			children = (
				03A105812B2F32B100E13A45 /* CustomTabBar.swift */,
			);
			path = TabBar;
			sourceTree = "<group>";
		};
		03A105852B2F3E7800E13A45 /* Base */ = {
			isa = PBXGroup;
			children = (
				03E847292B3338F8004323F4 /* View */,
				03A105AB2B2F4EA500E13A45 /* Cell */,
				03A105AA2B2F4E9D00E13A45 /* Controller */,
			);
			path = Base;
			sourceTree = "<group>";
		};
		03A105892B2F3EEC00E13A45 /* Extension */ = {
			isa = PBXGroup;
			children = (
				03CA6E922B30B7DD00D59935 /* TableView */,
				03A105D82B3048B900E13A45 /* Date */,
				03A105CC2B303F3D00E13A45 /* TextField */,
				03A1058A2B2F3F0600E13A45 /* Controller */,
			);
			path = Extension;
			sourceTree = "<group>";
		};
		03A1058A2B2F3F0600E13A45 /* Controller */ = {
			isa = PBXGroup;
			children = (
				03A1058B2B2F3F3100E13A45 /* Controller+Ext.swift */,
			);
			path = Controller;
			sourceTree = "<group>";
		};
		03A1058D2B2F40DE00E13A45 /* Controller */ = {
			isa = PBXGroup;
			children = (
				03A1058F2B2F40F300E13A45 /* HistoryViewController.swift */,
			);
			path = Controller;
			sourceTree = "<group>";
		};
		03A1058E2B2F40E400E13A45 /* Controller */ = {
			isa = PBXGroup;
			children = (
				03A105912B2F412000E13A45 /* ProfileViewControler.swift */,
			);
			path = Controller;
			sourceTree = "<group>";
		};
		03A105932B2F417000E13A45 /* Fonts */ = {
			isa = PBXGroup;
			children = (
				03CA6E7E2B30770F00D59935 /* Poppins */,
				03A105942B2F48E000E13A45 /* Source */,
			);
			path = Fonts;
			sourceTree = "<group>";
		};
		03A105942B2F48E000E13A45 /* Source */ = {
			isa = PBXGroup;
			children = (
				03A105962B2F490300E13A45 /* Font.swift */,
			);
			path = Source;
			sourceTree = "<group>";
		};
		03A1059B2B2F4A0D00E13A45 /* Helpers */ = {
			isa = PBXGroup;
			children = (
				03A1059C2B2F4A2D00E13A45 /* AnchorKit */,
			);
			path = Helpers;
			sourceTree = "<group>";
		};
		03A1059C2B2F4A2D00E13A45 /* AnchorKit */ = {
			isa = PBXGroup;
			children = (
				03A1059D2B2F4A2D00E13A45 /* UIStackView.swift */,
				03A1059E2B2F4A2D00E13A45 /* CircleAnimationKit.swift */,
				03A1059F2B2F4A2D00E13A45 /* AnchorKit.swift */,
				03A105A02B2F4A2D00E13A45 /* UIView+Stacking.swift */,
			);
			path = AnchorKit;
			sourceTree = "<group>";
		};
		03A105A52B2F4A6200E13A45 /* Utilities */ = {
			isa = PBXGroup;
			children = (
				03A105A62B2F4A7B00E13A45 /* Convenience */,
			);
			path = Utilities;
			sourceTree = "<group>";
		};
		03A105A62B2F4A7B00E13A45 /* Convenience */ = {
			isa = PBXGroup;
			children = (
				03A105D22B30425800E13A45 /* Button */,
				03A105CF2B303FB500E13A45 /* TextField */,
				03A105AE2B2F503000E13A45 /* Label */,
			);
			path = Convenience;
			sourceTree = "<group>";
		};
		03A105A72B2F4E3600E13A45 /* View */ = {
			isa = PBXGroup;
			children = (
				03A105A82B2F4E5400E13A45 /* ListCell.swift */,
			);
			path = View;
			sourceTree = "<group>";
		};
		03A105AA2B2F4E9D00E13A45 /* Controller */ = {
			isa = PBXGroup;
			children = (
				03A105872B2F3E9600E13A45 /* BaseViewController.swift */,
			);
			path = Controller;
			sourceTree = "<group>";
		};
		03A105AB2B2F4EA500E13A45 /* Cell */ = {
			isa = PBXGroup;
			children = (
				03A105AC2B2F4EB000E13A45 /* BaseCell.swift */,
			);
			path = Cell;
			sourceTree = "<group>";
		};
		03A105AE2B2F503000E13A45 /* Label */ = {
			isa = PBXGroup;
			children = (
				03A105AF2B2F509800E13A45 /* CustomLabel.swift */,
			);
			path = Label;
			sourceTree = "<group>";
		};
		03A105B62B2F552900E13A45 /* Model */ = {
			isa = PBXGroup;
			children = (
				03A105B82B2F554D00E13A45 /* ListModel.swift */,
			);
			path = Model;
			sourceTree = "<group>";
		};
		03A105B72B2F553200E13A45 /* ViewModel */ = {
			isa = PBXGroup;
			children = (
				03A105BF2B2F750100E13A45 /* ListViewModel.swift */,
			);
			path = ViewModel;
			sourceTree = "<group>";
		};
		03A105C12B2F764200E13A45 /* Data */ = {
			isa = PBXGroup;
			children = (
				03A105C22B2F768C00E13A45 /* DataManager.swift */,
			);
			path = Data;
			sourceTree = "<group>";
		};
		03A105C42B303D8600E13A45 /* Main */ = {
			isa = PBXGroup;
			children = (
				03A1057C2B2F316000E13A45 /* Controller */,
				03A105B72B2F553200E13A45 /* ViewModel */,
				03A105A72B2F4E3600E13A45 /* View */,
				03A105B62B2F552900E13A45 /* Model */,
			);
			path = Main;
			sourceTree = "<group>";
		};
		03A105C52B303DA900E13A45 /* NewList */ = {
			isa = PBXGroup;
			children = (
				03A105C62B303DB600E13A45 /* Controller */,
				03A105D52B30440400E13A45 /* VIewModel */,
			);
			path = NewList;
			sourceTree = "<group>";
		};
		03A105C62B303DB600E13A45 /* Controller */ = {
			isa = PBXGroup;
			children = (
				03A105C72B303DD000E13A45 /* NewListViewController.swift */,
			);
			path = Controller;
			sourceTree = "<group>";
		};
		03A105C92B303ED000E13A45 /* TextField */ = {
			isa = PBXGroup;
			children = (
				03A105CA2B303EF700E13A45 /* CustomTextFieldConfig.swift */,
			);
			path = TextField;
			sourceTree = "<group>";
		};
		03A105CC2B303F3D00E13A45 /* TextField */ = {
			isa = PBXGroup;
			children = (
				03A105CD2B303F5100E13A45 /* TextField+Ext.swift */,
			);
			path = TextField;
			sourceTree = "<group>";
		};
		03A105CF2B303FB500E13A45 /* TextField */ = {
			isa = PBXGroup;
			children = (
				03A105D02B303FDA00E13A45 /* CustomTextField.swift */,
			);
			path = TextField;
			sourceTree = "<group>";
		};
		03A105D22B30425800E13A45 /* Button */ = {
			isa = PBXGroup;
			children = (
				03A105D32B3042A900E13A45 /* CustomButton.swift */,
			);
			path = Button;
			sourceTree = "<group>";
		};
		03A105D52B30440400E13A45 /* VIewModel */ = {
			isa = PBXGroup;
			children = (
				03A105D62B30449B00E13A45 /* NewListViewModel.swift */,
			);
			path = VIewModel;
			sourceTree = "<group>";
		};
		03A105D82B3048B900E13A45 /* Date */ = {
			isa = PBXGroup;
			children = (
				03A105D92B3048F000E13A45 /* Date+Ext.swift */,
			);
			path = Date;
			sourceTree = "<group>";
		};
		03CA6E7E2B30770F00D59935 /* Poppins */ = {
			isa = PBXGroup;
			children = (
				03CA6E7F2B30770F00D59935 /* Poppins-Light.ttf */,
				03CA6E802B30770F00D59935 /* Poppins-Medium.ttf */,
				03CA6E812B30770F00D59935 /* Poppins-Regular.ttf */,
				03CA6E822B30770F00D59935 /* Poppins-SemiBold.ttf */,
			);
			path = Poppins;
			sourceTree = "<group>";
		};
		03CA6E872B30AD7D00D59935 /* Items */ = {
			isa = PBXGroup;
			children = (
				03CA6E882B30AD8800D59935 /* Controller */,
				03CA6E892B30AD8D00D59935 /* ViewModel */,
				03CA6E8F2B30B67900D59935 /* View */,
				03CA6E8A2B30AD9400D59935 /* Model */,
			);
			path = Items;
			sourceTree = "<group>";
		};
		03CA6E882B30AD8800D59935 /* Controller */ = {
			isa = PBXGroup;
			children = (
				03CA6E8B2B30ADC300D59935 /* ItemsViewController.swift */,
			);
			path = Controller;
			sourceTree = "<group>";
		};
		03CA6E892B30AD8D00D59935 /* ViewModel */ = {
			isa = PBXGroup;
			children = (
				03CA6E8D2B30AFF800D59935 /* ItemsViewModel.swift */,
			);
			path = ViewModel;
			sourceTree = "<group>";
		};
		03CA6E8A2B30AD9400D59935 /* Model */ = {
			isa = PBXGroup;
			children = (
				03A105BB2B2F56A100E13A45 /* ItemsModel.swift */,
			);
			path = Model;
			sourceTree = "<group>";
		};
		03CA6E8F2B30B67900D59935 /* View */ = {
			isa = PBXGroup;
			children = (
				03CA6E902B30B68700D59935 /* ItemCell.swift */,
			);
			path = View;
			sourceTree = "<group>";
		};
		03CA6E922B30B7DD00D59935 /* TableView */ = {
			isa = PBXGroup;
			children = (
				03CA6E932B30B80E00D59935 /* UITableView+Ext.swift */,
			);
			path = TableView;
			sourceTree = "<group>";
		};
		03CA6E952B30C17F00D59935 /* ItemDetailed */ = {
			isa = PBXGroup;
			children = (
				03CA6E962B30C19B00D59935 /* Controlller */,
			);
			path = ItemDetailed;
			sourceTree = "<group>";
		};
		03CA6E962B30C19B00D59935 /* Controlller */ = {
			isa = PBXGroup;
			children = (
			);
			path = Controlller;
			sourceTree = "<group>";
		};
		03CA6E972B30D1A200D59935 /* NewItem */ = {
			isa = PBXGroup;
			children = (
				03CA6E982B30D1B900D59935 /* Controller */,
				03CA6E992B30D2D100D59935 /* ViewModel */,
				03E847262B333877004323F4 /* View */,
			);
			path = NewItem;
			sourceTree = "<group>";
		};
		03CA6E982B30D1B900D59935 /* Controller */ = {
			isa = PBXGroup;
			children = (
				03CA6E9A2B30D2E500D59935 /* NewItemViewController.swift */,
			);
			path = Controller;
			sourceTree = "<group>";
		};
		03CA6E992B30D2D100D59935 /* ViewModel */ = {
			isa = PBXGroup;
			children = (
				03E847242B3335BD004323F4 /* NewItemVewModel.swift */,
			);
			path = ViewModel;
			sourceTree = "<group>";
		};
		03E847262B333877004323F4 /* View */ = {
			isa = PBXGroup;
			children = (
				03E847272B3338A0004323F4 /* ItemAmountView.swift */,
			);
			path = View;
			sourceTree = "<group>";
		};
		03E847292B3338F8004323F4 /* View */ = {
			isa = PBXGroup;
			children = (
				03E8472A2B333901004323F4 /* BaseView.swift */,
			);
			path = View;
			sourceTree = "<group>";
		};
/* End PBXGroup section */

/* Begin PBXNativeTarget section */
		03A105602B2F300700E13A45 /* ListMate */ = {
			isa = PBXNativeTarget;
			buildConfigurationList = 03A105752B2F300900E13A45 /* Build configuration list for PBXNativeTarget "ListMate" */;
			buildPhases = (
				03A1055D2B2F300700E13A45 /* Sources */,
				03A1055E2B2F300700E13A45 /* Frameworks */,
				03A1055F2B2F300700E13A45 /* Resources */,
			);
			buildRules = (
			);
			dependencies = (
			);
			name = ListMate;
			packageProductDependencies = (
				03A105B22B2F52F400E13A45 /* Realm */,
				03A105B42B2F52F400E13A45 /* RealmSwift */,
			);
			productName = ListMate;
			productReference = 03A105612B2F300700E13A45 /* ListMate.app */;
			productType = "com.apple.product-type.application";
		};
/* End PBXNativeTarget section */

/* Begin PBXProject section */
		03A105592B2F300700E13A45 /* Project object */ = {
			isa = PBXProject;
			attributes = {
				BuildIndependentTargetsInParallel = 1;
				LastSwiftUpdateCheck = 1510;
				LastUpgradeCheck = 1510;
				TargetAttributes = {
					03A105602B2F300700E13A45 = {
						CreatedOnToolsVersion = 15.1;
					};
				};
			};
			buildConfigurationList = 03A1055C2B2F300700E13A45 /* Build configuration list for PBXProject "ListMate" */;
			compatibilityVersion = "Xcode 14.0";
			developmentRegion = en;
			hasScannedForEncodings = 0;
			knownRegions = (
				en,
				Base,
			);
			mainGroup = 03A105582B2F300700E13A45;
			packageReferences = (
				03A105B12B2F52F400E13A45 /* XCRemoteSwiftPackageReference "realm-swift" */,
			);
			productRefGroup = 03A105622B2F300700E13A45 /* Products */;
			projectDirPath = "";
			projectRoot = "";
			targets = (
				03A105602B2F300700E13A45 /* ListMate */,
			);
		};
/* End PBXProject section */

/* Begin PBXResourcesBuildPhase section */
		03A1055F2B2F300700E13A45 /* Resources */ = {
			isa = PBXResourcesBuildPhase;
			buildActionMask = 2147483647;
			files = (
				03A105712B2F300900E13A45 /* LaunchScreen.storyboard in Resources */,
				03CA6E842B30771000D59935 /* Poppins-Medium.ttf in Resources */,
				03CA6E832B30771000D59935 /* Poppins-Light.ttf in Resources */,
				03CA6E862B30771000D59935 /* Poppins-SemiBold.ttf in Resources */,
				03A1056E2B2F300900E13A45 /* Assets.xcassets in Resources */,
				03CA6E852B30771000D59935 /* Poppins-Regular.ttf in Resources */,
			);
			runOnlyForDeploymentPostprocessing = 0;
		};
/* End PBXResourcesBuildPhase section */

/* Begin PBXSourcesBuildPhase section */
		03A1055D2B2F300700E13A45 /* Sources */ = {
			isa = PBXSourcesBuildPhase;
			buildActionMask = 2147483647;
			files = (
				03A105DA2B3048F000E13A45 /* Date+Ext.swift in Sources */,
				03A105882B2F3E9600E13A45 /* BaseViewController.swift in Sources */,
				03A105C32B2F768C00E13A45 /* DataManager.swift in Sources */,
				03A105A42B2F4A2D00E13A45 /* UIView+Stacking.swift in Sources */,
				03A105922B2F412000E13A45 /* ProfileViewControler.swift in Sources */,
				03A105D42B3042A900E13A45 /* CustomButton.swift in Sources */,
				03A105A92B2F4E5400E13A45 /* ListCell.swift in Sources */,
				03A105BC2B2F56A100E13A45 /* ItemsModel.swift in Sources */,
				03A105822B2F32B100E13A45 /* CustomTabBar.swift in Sources */,
				03A105CE2B303F5100E13A45 /* TextField+Ext.swift in Sources */,
				03A105692B2F300700E13A45 /* ListViewController.swift in Sources */,
				03CA6E942B30B80E00D59935 /* UITableView+Ext.swift in Sources */,
				03E8472B2B333901004323F4 /* BaseView.swift in Sources */,
				03E847252B3335BD004323F4 /* NewItemVewModel.swift in Sources */,
				03A105652B2F300700E13A45 /* AppDelegate.swift in Sources */,
				03A105B02B2F509800E13A45 /* CustomLabel.swift in Sources */,
				03CA6E9B2B30D2E500D59935 /* NewItemViewController.swift in Sources */,
				03A105A32B2F4A2D00E13A45 /* AnchorKit.swift in Sources */,
				03A105972B2F490300E13A45 /* Font.swift in Sources */,
				03A105CB2B303EF700E13A45 /* CustomTextFieldConfig.swift in Sources */,
				03A105B92B2F554D00E13A45 /* ListModel.swift in Sources */,
				03A105A22B2F4A2D00E13A45 /* CircleAnimationKit.swift in Sources */,
				03A105672B2F300700E13A45 /* SceneDelegate.swift in Sources */,
				03A105C02B2F750100E13A45 /* ListViewModel.swift in Sources */,
				03E847282B3338A0004323F4 /* ItemAmountView.swift in Sources */,
				03A105D72B30449B00E13A45 /* NewListViewModel.swift in Sources */,
				03A105A12B2F4A2D00E13A45 /* UIStackView.swift in Sources */,
				03A105902B2F40F300E13A45 /* HistoryViewController.swift in Sources */,
				03CA6E912B30B68700D59935 /* ItemCell.swift in Sources */,
				03A105D12B303FDA00E13A45 /* CustomTextField.swift in Sources */,
				03CA6E8E2B30AFF800D59935 /* ItemsViewModel.swift in Sources */,
				03A105C82B303DD000E13A45 /* NewListViewController.swift in Sources */,
				03CA6E8C2B30ADC300D59935 /* ItemsViewController.swift in Sources */,
				03A105AD2B2F4EB000E13A45 /* BaseCell.swift in Sources */,
				03A1058C2B2F3F3100E13A45 /* Controller+Ext.swift in Sources */,
			);
			runOnlyForDeploymentPostprocessing = 0;
		};
/* End PBXSourcesBuildPhase section */

/* Begin PBXVariantGroup section */
		03A1056F2B2F300900E13A45 /* LaunchScreen.storyboard */ = {
			isa = PBXVariantGroup;
			children = (
				03A105702B2F300900E13A45 /* Base */,
			);
			name = LaunchScreen.storyboard;
			sourceTree = "<group>";
		};
/* End PBXVariantGroup section */

/* Begin XCBuildConfiguration section */
		03A105732B2F300900E13A45 /* Debug */ = {
			isa = XCBuildConfiguration;
			buildSettings = {
				ALWAYS_SEARCH_USER_PATHS = NO;
				ASSETCATALOG_COMPILER_GENERATE_SWIFT_ASSET_SYMBOL_EXTENSIONS = YES;
				CLANG_ANALYZER_NONNULL = YES;
				CLANG_ANALYZER_NUMBER_OBJECT_CONVERSION = YES_AGGRESSIVE;
				CLANG_CXX_LANGUAGE_STANDARD = "gnu++20";
				CLANG_ENABLE_MODULES = YES;
				CLANG_ENABLE_OBJC_ARC = YES;
				CLANG_ENABLE_OBJC_WEAK = YES;
				CLANG_WARN_BLOCK_CAPTURE_AUTORELEASING = YES;
				CLANG_WARN_BOOL_CONVERSION = YES;
				CLANG_WARN_COMMA = YES;
				CLANG_WARN_CONSTANT_CONVERSION = YES;
				CLANG_WARN_DEPRECATED_OBJC_IMPLEMENTATIONS = YES;
				CLANG_WARN_DIRECT_OBJC_ISA_USAGE = YES_ERROR;
				CLANG_WARN_DOCUMENTATION_COMMENTS = YES;
				CLANG_WARN_EMPTY_BODY = YES;
				CLANG_WARN_ENUM_CONVERSION = YES;
				CLANG_WARN_INFINITE_RECURSION = YES;
				CLANG_WARN_INT_CONVERSION = YES;
				CLANG_WARN_NON_LITERAL_NULL_CONVERSION = YES;
				CLANG_WARN_OBJC_IMPLICIT_RETAIN_SELF = YES;
				CLANG_WARN_OBJC_LITERAL_CONVERSION = YES;
				CLANG_WARN_OBJC_ROOT_CLASS = YES_ERROR;
				CLANG_WARN_QUOTED_INCLUDE_IN_FRAMEWORK_HEADER = YES;
				CLANG_WARN_RANGE_LOOP_ANALYSIS = YES;
				CLANG_WARN_STRICT_PROTOTYPES = YES;
				CLANG_WARN_SUSPICIOUS_MOVE = YES;
				CLANG_WARN_UNGUARDED_AVAILABILITY = YES_AGGRESSIVE;
				CLANG_WARN_UNREACHABLE_CODE = YES;
				CLANG_WARN__DUPLICATE_METHOD_MATCH = YES;
				COPY_PHASE_STRIP = NO;
				DEBUG_INFORMATION_FORMAT = dwarf;
				ENABLE_STRICT_OBJC_MSGSEND = YES;
				ENABLE_TESTABILITY = YES;
				ENABLE_USER_SCRIPT_SANDBOXING = YES;
				GCC_C_LANGUAGE_STANDARD = gnu17;
				GCC_DYNAMIC_NO_PIC = NO;
				GCC_NO_COMMON_BLOCKS = YES;
				GCC_OPTIMIZATION_LEVEL = 0;
				GCC_PREPROCESSOR_DEFINITIONS = (
					"DEBUG=1",
					"$(inherited)",
				);
				GCC_WARN_64_TO_32_BIT_CONVERSION = YES;
				GCC_WARN_ABOUT_RETURN_TYPE = YES_ERROR;
				GCC_WARN_UNDECLARED_SELECTOR = YES;
				GCC_WARN_UNINITIALIZED_AUTOS = YES_AGGRESSIVE;
				GCC_WARN_UNUSED_FUNCTION = YES;
				GCC_WARN_UNUSED_VARIABLE = YES;
				IPHONEOS_DEPLOYMENT_TARGET = 17.2;
				LOCALIZATION_PREFERS_STRING_CATALOGS = YES;
				MTL_ENABLE_DEBUG_INFO = INCLUDE_SOURCE;
				MTL_FAST_MATH = YES;
				ONLY_ACTIVE_ARCH = YES;
				SDKROOT = iphoneos;
				SWIFT_ACTIVE_COMPILATION_CONDITIONS = "DEBUG $(inherited)";
				SWIFT_OPTIMIZATION_LEVEL = "-Onone";
			};
			name = Debug;
		};
		03A105742B2F300900E13A45 /* Release */ = {
			isa = XCBuildConfiguration;
			buildSettings = {
				ALWAYS_SEARCH_USER_PATHS = NO;
				ASSETCATALOG_COMPILER_GENERATE_SWIFT_ASSET_SYMBOL_EXTENSIONS = YES;
				CLANG_ANALYZER_NONNULL = YES;
				CLANG_ANALYZER_NUMBER_OBJECT_CONVERSION = YES_AGGRESSIVE;
				CLANG_CXX_LANGUAGE_STANDARD = "gnu++20";
				CLANG_ENABLE_MODULES = YES;
				CLANG_ENABLE_OBJC_ARC = YES;
				CLANG_ENABLE_OBJC_WEAK = YES;
				CLANG_WARN_BLOCK_CAPTURE_AUTORELEASING = YES;
				CLANG_WARN_BOOL_CONVERSION = YES;
				CLANG_WARN_COMMA = YES;
				CLANG_WARN_CONSTANT_CONVERSION = YES;
				CLANG_WARN_DEPRECATED_OBJC_IMPLEMENTATIONS = YES;
				CLANG_WARN_DIRECT_OBJC_ISA_USAGE = YES_ERROR;
				CLANG_WARN_DOCUMENTATION_COMMENTS = YES;
				CLANG_WARN_EMPTY_BODY = YES;
				CLANG_WARN_ENUM_CONVERSION = YES;
				CLANG_WARN_INFINITE_RECURSION = YES;
				CLANG_WARN_INT_CONVERSION = YES;
				CLANG_WARN_NON_LITERAL_NULL_CONVERSION = YES;
				CLANG_WARN_OBJC_IMPLICIT_RETAIN_SELF = YES;
				CLANG_WARN_OBJC_LITERAL_CONVERSION = YES;
				CLANG_WARN_OBJC_ROOT_CLASS = YES_ERROR;
				CLANG_WARN_QUOTED_INCLUDE_IN_FRAMEWORK_HEADER = YES;
				CLANG_WARN_RANGE_LOOP_ANALYSIS = YES;
				CLANG_WARN_STRICT_PROTOTYPES = YES;
				CLANG_WARN_SUSPICIOUS_MOVE = YES;
				CLANG_WARN_UNGUARDED_AVAILABILITY = YES_AGGRESSIVE;
				CLANG_WARN_UNREACHABLE_CODE = YES;
				CLANG_WARN__DUPLICATE_METHOD_MATCH = YES;
				COPY_PHASE_STRIP = NO;
				DEBUG_INFORMATION_FORMAT = "dwarf-with-dsym";
				ENABLE_NS_ASSERTIONS = NO;
				ENABLE_STRICT_OBJC_MSGSEND = YES;
				ENABLE_USER_SCRIPT_SANDBOXING = YES;
				GCC_C_LANGUAGE_STANDARD = gnu17;
				GCC_NO_COMMON_BLOCKS = YES;
				GCC_WARN_64_TO_32_BIT_CONVERSION = YES;
				GCC_WARN_ABOUT_RETURN_TYPE = YES_ERROR;
				GCC_WARN_UNDECLARED_SELECTOR = YES;
				GCC_WARN_UNINITIALIZED_AUTOS = YES_AGGRESSIVE;
				GCC_WARN_UNUSED_FUNCTION = YES;
				GCC_WARN_UNUSED_VARIABLE = YES;
				IPHONEOS_DEPLOYMENT_TARGET = 17.2;
				LOCALIZATION_PREFERS_STRING_CATALOGS = YES;
				MTL_ENABLE_DEBUG_INFO = NO;
				MTL_FAST_MATH = YES;
				SDKROOT = iphoneos;
				SWIFT_COMPILATION_MODE = wholemodule;
				VALIDATE_PRODUCT = YES;
			};
			name = Release;
		};
		03A105762B2F300900E13A45 /* Debug */ = {
			isa = XCBuildConfiguration;
			buildSettings = {
				ASSETCATALOG_COMPILER_APPICON_NAME = AppIcon;
				ASSETCATALOG_COMPILER_GLOBAL_ACCENT_COLOR_NAME = AccentColor;
				CODE_SIGN_STYLE = Automatic;
				CURRENT_PROJECT_VERSION = 1;
				DEVELOPMENT_TEAM = JMX62HVZL7;
				GENERATE_INFOPLIST_FILE = YES;
				INFOPLIST_FILE = ListMate/App/Info.plist;
				INFOPLIST_KEY_UIApplicationSupportsIndirectInputEvents = YES;
				INFOPLIST_KEY_UILaunchStoryboardName = LaunchScreen;
				INFOPLIST_KEY_UISupportedInterfaceOrientations = UIInterfaceOrientationPortrait;
				INFOPLIST_KEY_UISupportedInterfaceOrientations_iPad = "UIInterfaceOrientationLandscapeLeft UIInterfaceOrientationLandscapeRight UIInterfaceOrientationPortrait UIInterfaceOrientationPortraitUpsideDown";
				LD_RUNPATH_SEARCH_PATHS = (
					"$(inherited)",
					"@executable_path/Frameworks",
				);
				MARKETING_VERSION = 1.0;
				PRODUCT_BUNDLE_IDENTIFIER = com.sabir.ListMate;
				PRODUCT_NAME = "$(TARGET_NAME)";
				SUPPORTED_PLATFORMS = "iphoneos iphonesimulator";
				SUPPORTS_MACCATALYST = NO;
				SUPPORTS_MAC_DESIGNED_FOR_IPHONE_IPAD = NO;
				SWIFT_EMIT_LOC_STRINGS = YES;
				SWIFT_VERSION = 5.0;
				TARGETED_DEVICE_FAMILY = 1;
			};
			name = Debug;
		};
		03A105772B2F300900E13A45 /* Release */ = {
			isa = XCBuildConfiguration;
			buildSettings = {
				ASSETCATALOG_COMPILER_APPICON_NAME = AppIcon;
				ASSETCATALOG_COMPILER_GLOBAL_ACCENT_COLOR_NAME = AccentColor;
				CODE_SIGN_STYLE = Automatic;
				CURRENT_PROJECT_VERSION = 1;
				DEVELOPMENT_TEAM = JMX62HVZL7;
				GENERATE_INFOPLIST_FILE = YES;
				INFOPLIST_FILE = ListMate/App/Info.plist;
				INFOPLIST_KEY_UIApplicationSupportsIndirectInputEvents = YES;
				INFOPLIST_KEY_UILaunchStoryboardName = LaunchScreen;
				INFOPLIST_KEY_UISupportedInterfaceOrientations = UIInterfaceOrientationPortrait;
				INFOPLIST_KEY_UISupportedInterfaceOrientations_iPad = "UIInterfaceOrientationLandscapeLeft UIInterfaceOrientationLandscapeRight UIInterfaceOrientationPortrait UIInterfaceOrientationPortraitUpsideDown";
				LD_RUNPATH_SEARCH_PATHS = (
					"$(inherited)",
					"@executable_path/Frameworks",
				);
				MARKETING_VERSION = 1.0;
				PRODUCT_BUNDLE_IDENTIFIER = com.sabir.ListMate;
				PRODUCT_NAME = "$(TARGET_NAME)";
				SUPPORTED_PLATFORMS = "iphoneos iphonesimulator";
				SUPPORTS_MACCATALYST = NO;
				SUPPORTS_MAC_DESIGNED_FOR_IPHONE_IPAD = NO;
				SWIFT_EMIT_LOC_STRINGS = YES;
				SWIFT_VERSION = 5.0;
				TARGETED_DEVICE_FAMILY = 1;
			};
			name = Release;
		};
/* End XCBuildConfiguration section */

/* Begin XCConfigurationList section */
		03A1055C2B2F300700E13A45 /* Build configuration list for PBXProject "ListMate" */ = {
			isa = XCConfigurationList;
			buildConfigurations = (
				03A105732B2F300900E13A45 /* Debug */,
				03A105742B2F300900E13A45 /* Release */,
			);
			defaultConfigurationIsVisible = 0;
			defaultConfigurationName = Release;
		};
		03A105752B2F300900E13A45 /* Build configuration list for PBXNativeTarget "ListMate" */ = {
			isa = XCConfigurationList;
			buildConfigurations = (
				03A105762B2F300900E13A45 /* Debug */,
				03A105772B2F300900E13A45 /* Release */,
			);
			defaultConfigurationIsVisible = 0;
			defaultConfigurationName = Release;
		};
/* End XCConfigurationList section */

/* Begin XCRemoteSwiftPackageReference section */
		03A105B12B2F52F400E13A45 /* XCRemoteSwiftPackageReference "realm-swift" */ = {
			isa = XCRemoteSwiftPackageReference;
			repositoryURL = "https://github.com/realm/realm-swift.git";
			requirement = {
				branch = master;
				kind = branch;
			};
		};
/* End XCRemoteSwiftPackageReference section */

/* Begin XCSwiftPackageProductDependency section */
		03A105B22B2F52F400E13A45 /* Realm */ = {
			isa = XCSwiftPackageProductDependency;
			package = 03A105B12B2F52F400E13A45 /* XCRemoteSwiftPackageReference "realm-swift" */;
			productName = Realm;
		};
		03A105B42B2F52F400E13A45 /* RealmSwift */ = {
			isa = XCSwiftPackageProductDependency;
			package = 03A105B12B2F52F400E13A45 /* XCRemoteSwiftPackageReference "realm-swift" */;
			productName = RealmSwift;
		};
/* End XCSwiftPackageProductDependency section */
	};
	rootObject = 03A105592B2F300700E13A45 /* Project object */;
}
